
Microsoft Visual Studio Solution File, Format Version 12.00
# Visual Studio Version 16
VisualStudioVersion = 16.0.31019.35
MinimumVisualStudioVersion = 10.0.40219.1
Project("{9A19103F-16F7-4668-BE54-9A1E7A4F7556}") = "01.ClassBoxData", "01.ClassBoxData\01.ClassBoxData.csproj", "{CA254BD3-E352-4F30-8998-87D51B04C02B}"
EndProject
Project("{9A19103F-16F7-4668-BE54-9A1E7A4F7556}") = "05.FootballTeamGenerator", "05.FootballTeamGenerator\05.FootballTeamGenerator.csproj", "{55BEDCE5-6346-4A64-A71B-AF758F77BDA1}"
EndProject
Project("{9A19103F-16F7-4668-BE54-9A1E7A4F7556}") = "02.AnimalFarm", "02.AnimalFarm\02.AnimalFarm.csproj", "{8A5EA151-FED1-485D-A8CD-3F42EDA46F8D}"
EndProject
Project("{9A19103F-16F7-4668-BE54-9A1E7A4F7556}") = "04.PizzaCalories", "04.PizzaCalories\04.PizzaCalories.csproj", "{7F4DB1E0-5E07-4D13-89EB-7487DE2D6759}"
EndProject
Project("{FAE04EC0-301F-11D3-BF4B-00C04F79EFBC}") = "03.ShoppingSpree", "03.ShoppingSpree\03.ShoppingSpree.csproj", "{0D4D87B9-F731-4CB3-8034-7D3360ACF735}"
EndProject
Global
	GlobalSection(SolutionConfigurationPlatforms) = preSolution
		Debug|Any CPU = Debug|Any CPU
		Release|Any CPU = Release|Any CPU
	EndGlobalSection
	GlobalSection(ProjectConfigurationPlatforms) = postSolution
		{CA254BD3-E352-4F30-8998-87D51B04C02B}.Debug|Any CPU.ActiveCfg = Debug|Any CPU
		{CA254BD3-E352-4F30-8998-87D51B04C02B}.Debug|Any CPU.Build.0 = Debug|Any CPU
		{CA254BD3-E352-4F30-8998-87D51B04C02B}.Release|Any CPU.ActiveCfg = Release|Any CPU
		{CA254BD3-E352-4F30-8998-87D51B04C02B}.Release|Any CPU.Build.0 = Release|Any CPU
		{55BEDCE5-6346-4A64-A71B-AF758F77BDA1}.Debug|Any CPU.ActiveCfg = Debug|Any CPU
		{55BEDCE5-6346-4A64-A71B-AF758F77BDA1}.Debug|Any CPU.Build.0 = Debug|Any CPU
		{55BEDCE5-6346-4A64-A71B-AF758F77BDA1}.Release|Any CPU.ActiveCfg = Release|Any CPU
		{55BEDCE5-6346-4A64-A71B-AF758F77BDA1}.Release|Any CPU.Build.0 = Release|Any CPU
		{8A5EA151-FED1-485D-A8CD-3F42EDA46F8D}.Debug|Any CPU.ActiveCfg = Debug|Any CPU
		{8A5EA151-FED1-485D-A8CD-3F42EDA46F8D}.Debug|Any CPU.Build.0 = Debug|Any CPU
		{8A5EA151-FED1-485D-A8CD-3F42EDA46F8D}.Release|Any CPU.ActiveCfg = Release|Any CPU
		{8A5EA151-FED1-485D-A8CD-3F42EDA46F8D}.Release|Any CPU.Build.0 = Release|Any CPU
		{7F4DB1E0-5E07-4D13-89EB-7487DE2D6759}.Debug|Any CPU.ActiveCfg = Debug|Any CPU
		{7F4DB1E0-5E07-4D13-89EB-7487DE2D6759}.Debug|Any CPU.Build.0 = Debug|Any CPU
		{7F4DB1E0-5E07-4D13-89EB-7487DE2D6759}.Release|Any CPU.ActiveCfg = Release|Any CPU
		{7F4DB1E0-5E07-4D13-89EB-7487DE2D6759}.Release|Any CPU.Build.0 = Release|Any CPU
		{0D4D87B9-F731-4CB3-8034-7D3360ACF735}.Debug|Any CPU.ActiveCfg = Debug|Any CPU
		{0D4D87B9-F731-4CB3-8034-7D3360ACF735}.Debug|Any CPU.Build.0 = Debug|Any CPU
		{0D4D87B9-F731-4CB3-8034-7D3360ACF735}.Release|Any CPU.ActiveCfg = Release|Any CPU
		{0D4D87B9-F731-4CB3-8034-7D3360ACF735}.Release|Any CPU.Build.0 = Release|Any CPU
	EndGlobalSection
	GlobalSection(SolutionProperties) = preSolution
		HideSolutionNode = FALSE
	EndGlobalSection
	GlobalSection(ExtensibilityGlobals) = postSolution
		SolutionGuid = {FF50EF3C-1C87-42F7-A953-DAAB6EE6B11E}
	EndGlobalSection
EndGlobal
