
Microsoft Visual Studio Solution File, Format Version 12.00
# Visual Studio 15
VisualStudioVersion = 15.0.28307.645
MinimumVisualStudioVersion = 10.0.40219.1
Project("{FAE04EC0-301F-11D3-BF4B-00C04F79EFBC}") = "DefiningClasses", "DefiningClasses\DefiningClasses.csproj", "{86CEC5AD-AE8D-45C1-AD8E-086566C44323}"
EndProject
Global
	GlobalSection(SolutionConfigurationPlatforms) = preSolution
		Debug|Any CPU = Debug|Any CPU
		Release|Any CPU = Release|Any CPU
	EndGlobalSection
	GlobalSection(ProjectConfigurationPlatforms) = postSolution
		{86CEC5AD-AE8D-45C1-AD8E-086566C44323}.Debug|Any CPU.ActiveCfg = Debug|Any CPU
		{86CEC5AD-AE8D-45C1-AD8E-086566C44323}.Debug|Any CPU.Build.0 = Debug|Any CPU
		{86CEC5AD-AE8D-45C1-AD8E-086566C44323}.Release|Any CPU.ActiveCfg = Release|Any CPU
		{86CEC5AD-AE8D-45C1-AD8E-086566C44323}.Release|Any CPU.Build.0 = Release|Any CPU
	EndGlobalSection
	GlobalSection(SolutionProperties) = preSolution
		HideSolutionNode = FALSE
	EndGlobalSection
	GlobalSection(ExtensibilityGlobals) = postSolution
		SolutionGuid = {EE85708B-FD60-4C31-BE95-848556DCFC79}
	EndGlobalSection
EndGlobal
